// !$*UTF8*$!
{
	archiveVersion = 1;
	classes = {
	};
	objectVersion = 46;
	objects = {

/* Begin PBXBuildFile section */
		715D75B31D7919B600FC0BCF /* NewLocationViewController.swift in Sources */ = {isa = PBXBuildFile; fileRef = 715D75B21D7919B600FC0BCF /* NewLocationViewController.swift */; };
		715D75B51D79A8FF00FC0BCF /* Coordinate.swift in Sources */ = {isa = PBXBuildFile; fileRef = 715D75B41D79A8FF00FC0BCF /* Coordinate.swift */; };
		715D75B81D79AA3700FC0BCF /* Constants.swift in Sources */ = {isa = PBXBuildFile; fileRef = 715D75B71D79AA3700FC0BCF /* Constants.swift */; };
		715D75BA1D79CEF400FC0BCF /* LocationDetailTableViewCell.swift in Sources */ = {isa = PBXBuildFile; fileRef = 715D75B91D79CEF400FC0BCF /* LocationDetailTableViewCell.swift */; };
		715D75BD1D79E3BD00FC0BCF /* UIImage.swift in Sources */ = {isa = PBXBuildFile; fileRef = 715D75BC1D79E3BD00FC0BCF /* UIImage.swift */; };
		7168F1A31D78480D0079FC1F /* AppDelegate.swift in Sources */ = {isa = PBXBuildFile; fileRef = 7168F1A21D78480D0079FC1F /* AppDelegate.swift */; };
		7168F1A51D78480D0079FC1F /* UserLocationsViewController.swift in Sources */ = {isa = PBXBuildFile; fileRef = 7168F1A41D78480D0079FC1F /* UserLocationsViewController.swift */; };
		7168F1AA1D78480D0079FC1F /* Assets.xcassets in Resources */ = {isa = PBXBuildFile; fileRef = 7168F1A91D78480D0079FC1F /* Assets.xcassets */; };
		7168F1AD1D78480D0079FC1F /* LaunchScreen.storyboard in Resources */ = {isa = PBXBuildFile; fileRef = 7168F1AB1D78480D0079FC1F /* LaunchScreen.storyboard */; };
		71D135E61D78EF670087F396 /* EarthService.swift in Sources */ = {isa = PBXBuildFile; fileRef = 71D135E51D78EF670087F396 /* EarthService.swift */; };
		71D135E81D78EF840087F396 /* IssService.swift in Sources */ = {isa = PBXBuildFile; fileRef = 71D135E71D78EF840087F396 /* IssService.swift */; };
		71D135EA1D78EFE90087F396 /* HQService.swift in Sources */ = {isa = PBXBuildFile; fileRef = 71D135E91D78EFE90087F396 /* HQService.swift */; };
		71D135EC1D78EFFD0087F396 /* MissionControl.swift in Sources */ = {isa = PBXBuildFile; fileRef = 71D135EB1D78EFFD0087F396 /* MissionControl.swift */; };
		71D135EE1D78F02B0087F396 /* User.swift in Sources */ = {isa = PBXBuildFile; fileRef = 71D135ED1D78F02B0087F396 /* User.swift */; };
		71D135F31D78F0520087F396 /* EarthLocation.swift in Sources */ = {isa = PBXBuildFile; fileRef = 71D135F21D78F0520087F396 /* EarthLocation.swift */; };
		71D135F51D78F05A0087F396 /* IssLocation.swift in Sources */ = {isa = PBXBuildFile; fileRef = 71D135F41D78F05A0087F396 /* IssLocation.swift */; };
		71D135F71D7900A30087F396 /* CoreLocation.framework in Frameworks */ = {isa = PBXBuildFile; fileRef = 71D135F61D7900A30087F396 /* CoreLocation.framework */; };
		C989AF5DBE9C4EB0641A7AF8 /* Pods_Audition.framework in Frameworks */ = {isa = PBXBuildFile; fileRef = FB376D2AF3BDDEB712570567 /* Pods_Audition.framework */; };
/* End PBXBuildFile section */

/* Begin PBXFileReference section */
		715D75B21D7919B600FC0BCF /* NewLocationViewController.swift */ = {isa = PBXFileReference; fileEncoding = 4; lastKnownFileType = sourcecode.swift; path = NewLocationViewController.swift; sourceTree = "<group>"; };
		715D75B41D79A8FF00FC0BCF /* Coordinate.swift */ = {isa = PBXFileReference; fileEncoding = 4; lastKnownFileType = sourcecode.swift; path = Coordinate.swift; sourceTree = "<group>"; };
		715D75B71D79AA3700FC0BCF /* Constants.swift */ = {isa = PBXFileReference; fileEncoding = 4; lastKnownFileType = sourcecode.swift; path = Constants.swift; sourceTree = "<group>"; };
		715D75B91D79CEF400FC0BCF /* LocationDetailTableViewCell.swift */ = {isa = PBXFileReference; fileEncoding = 4; lastKnownFileType = sourcecode.swift; path = LocationDetailTableViewCell.swift; sourceTree = "<group>"; };
		715D75BC1D79E3BD00FC0BCF /* UIImage.swift */ = {isa = PBXFileReference; fileEncoding = 4; lastKnownFileType = sourcecode.swift; path = UIImage.swift; sourceTree = "<group>"; };
		7168F19F1D78480D0079FC1F /* Audition.app */ = {isa = PBXFileReference; explicitFileType = wrapper.application; includeInIndex = 0; path = Audition.app; sourceTree = BUILT_PRODUCTS_DIR; };
		7168F1A21D78480D0079FC1F /* AppDelegate.swift */ = {isa = PBXFileReference; lastKnownFileType = sourcecode.swift; path = AppDelegate.swift; sourceTree = "<group>"; };
		7168F1A41D78480D0079FC1F /* UserLocationsViewController.swift */ = {isa = PBXFileReference; lastKnownFileType = sourcecode.swift; path = UserLocationsViewController.swift; sourceTree = "<group>"; };
		7168F1A91D78480D0079FC1F /* Assets.xcassets */ = {isa = PBXFileReference; lastKnownFileType = folder.assetcatalog; path = Assets.xcassets; sourceTree = "<group>"; };
		7168F1AC1D78480D0079FC1F /* Base */ = {isa = PBXFileReference; lastKnownFileType = file.storyboard; name = Base; path = Base.lproj/LaunchScreen.storyboard; sourceTree = "<group>"; };
		7168F1AE1D78480D0079FC1F /* Info.plist */ = {isa = PBXFileReference; lastKnownFileType = text.plist.xml; path = Info.plist; sourceTree = "<group>"; };
		71D135E51D78EF670087F396 /* EarthService.swift */ = {isa = PBXFileReference; fileEncoding = 4; lastKnownFileType = sourcecode.swift; path = EarthService.swift; sourceTree = "<group>"; };
		71D135E71D78EF840087F396 /* IssService.swift */ = {isa = PBXFileReference; fileEncoding = 4; lastKnownFileType = sourcecode.swift; path = IssService.swift; sourceTree = "<group>"; };
		71D135E91D78EFE90087F396 /* HQService.swift */ = {isa = PBXFileReference; fileEncoding = 4; lastKnownFileType = sourcecode.swift; path = HQService.swift; sourceTree = "<group>"; };
		71D135EB1D78EFFD0087F396 /* MissionControl.swift */ = {isa = PBXFileReference; fileEncoding = 4; lastKnownFileType = sourcecode.swift; path = MissionControl.swift; sourceTree = "<group>"; };
		71D135ED1D78F02B0087F396 /* User.swift */ = {isa = PBXFileReference; fileEncoding = 4; lastKnownFileType = sourcecode.swift; path = User.swift; sourceTree = "<group>"; };
		71D135F21D78F0520087F396 /* EarthLocation.swift */ = {isa = PBXFileReference; fileEncoding = 4; lastKnownFileType = sourcecode.swift; path = EarthLocation.swift; sourceTree = "<group>"; };
		71D135F41D78F05A0087F396 /* IssLocation.swift */ = {isa = PBXFileReference; fileEncoding = 4; lastKnownFileType = sourcecode.swift; path = IssLocation.swift; sourceTree = "<group>"; };
		71D135F61D7900A30087F396 /* CoreLocation.framework */ = {isa = PBXFileReference; lastKnownFileType = wrapper.framework; name = CoreLocation.framework; path = System/Library/Frameworks/CoreLocation.framework; sourceTree = SDKROOT; };
		E0F824ACB44A98CB476C61E3 /* Pods-Audition.release.xcconfig */ = {isa = PBXFileReference; includeInIndex = 1; lastKnownFileType = text.xcconfig; name = "Pods-Audition.release.xcconfig"; path = "Pods/Target Support Files/Pods-Audition/Pods-Audition.release.xcconfig"; sourceTree = "<group>"; };
		FB376D2AF3BDDEB712570567 /* Pods_Audition.framework */ = {isa = PBXFileReference; explicitFileType = wrapper.framework; includeInIndex = 0; path = Pods_Audition.framework; sourceTree = BUILT_PRODUCTS_DIR; };
		FB5D140DD43707C977BBA52C /* Pods-Audition.debug.xcconfig */ = {isa = PBXFileReference; includeInIndex = 1; lastKnownFileType = text.xcconfig; name = "Pods-Audition.debug.xcconfig"; path = "Pods/Target Support Files/Pods-Audition/Pods-Audition.debug.xcconfig"; sourceTree = "<group>"; };
/* End PBXFileReference section */

/* Begin PBXFrameworksBuildPhase section */
		7168F19C1D78480D0079FC1F /* Frameworks */ = {
			isa = PBXFrameworksBuildPhase;
			buildActionMask = 2147483647;
			files = (
				71D135F71D7900A30087F396 /* CoreLocation.framework in Frameworks */,
				C989AF5DBE9C4EB0641A7AF8 /* Pods_Audition.framework in Frameworks */,
			);
			runOnlyForDeploymentPostprocessing = 0;
		};
/* End PBXFrameworksBuildPhase section */

/* Begin PBXGroup section */
		271B683D3A950132EA41BD63 /* Pods */ = {
			isa = PBXGroup;
			children = (
				FB5D140DD43707C977BBA52C /* Pods-Audition.debug.xcconfig */,
				E0F824ACB44A98CB476C61E3 /* Pods-Audition.release.xcconfig */,
			);
			name = Pods;
			sourceTree = "<group>";
		};
		662826BE7A4A7BAD74A6E486 /* Frameworks */ = {
			isa = PBXGroup;
			children = (
				71D135F61D7900A30087F396 /* CoreLocation.framework */,
				FB376D2AF3BDDEB712570567 /* Pods_Audition.framework */,
			);
			name = Frameworks;
			sourceTree = "<group>";
		};
		715D75BB1D79E3B100FC0BCF /* Extensions */ = {
			isa = PBXGroup;
			children = (
				715D75BC1D79E3BD00FC0BCF /* UIImage.swift */,
			);
			name = Extensions;
			sourceTree = "<group>";
		};
		7168F1961D78480D0079FC1F = {
			isa = PBXGroup;
			children = (
				7168F1A11D78480D0079FC1F /* Audition */,
				7168F1A01D78480D0079FC1F /* Products */,
				271B683D3A950132EA41BD63 /* Pods */,
				662826BE7A4A7BAD74A6E486 /* Frameworks */,
			);
			sourceTree = "<group>";
		};
		7168F1A01D78480D0079FC1F /* Products */ = {
			isa = PBXGroup;
			children = (
				7168F19F1D78480D0079FC1F /* Audition.app */,
			);
			name = Products;
			sourceTree = "<group>";
		};
		7168F1A11D78480D0079FC1F /* Audition */ = {
			isa = PBXGroup;
			children = (
				71D135E31D78EF430087F396 /* New Group */,
				7168F1B51D7848DA0079FC1F /* Main */,
				7168F1B61D7848E20079FC1F /* Model */,
				7168F1B71D7848E80079FC1F /* View */,
				7168F1B81D7848ED0079FC1F /* Controller */,
				71D135E41D78EF500087F396 /* Services */,
				715D75BB1D79E3B100FC0BCF /* Extensions */,
				7168F1B41D7848C60079FC1F /* Supporting Files */,
			);
			path = Audition;
			sourceTree = "<group>";
		};
		7168F1B41D7848C60079FC1F /* Supporting Files */ = {
			isa = PBXGroup;
			children = (
				7168F1A91D78480D0079FC1F /* Assets.xcassets */,
				7168F1AB1D78480D0079FC1F /* LaunchScreen.storyboard */,
				7168F1AE1D78480D0079FC1F /* Info.plist */,
			);
			name = "Supporting Files";
			sourceTree = "<group>";
		};
		7168F1B51D7848DA0079FC1F /* Main */ = {
			isa = PBXGroup;
			children = (
				715D75B71D79AA3700FC0BCF /* Constants.swift */,
				7168F1A21D78480D0079FC1F /* AppDelegate.swift */,
			);
			name = Main;
			sourceTree = "<group>";
		};
		7168F1B61D7848E20079FC1F /* Model */ = {
			isa = PBXGroup;
			children = (
				71D135F11D78F0410087F396 /* Location */,
				71D135ED1D78F02B0087F396 /* User.swift */,
			);
			name = Model;
			sourceTree = "<group>";
		};
		7168F1B71D7848E80079FC1F /* View */ = {
			isa = PBXGroup;
			children = (
				715D75B91D79CEF400FC0BCF /* LocationDetailTableViewCell.swift */,
			);
			name = View;
			sourceTree = "<group>";
		};
		7168F1B81D7848ED0079FC1F /* Controller */ = {
			isa = PBXGroup;
			children = (
				7168F1A41D78480D0079FC1F /* UserLocationsViewController.swift */,
				715D75B21D7919B600FC0BCF /* NewLocationViewController.swift */,
			);
			name = Controller;
			sourceTree = "<group>";
		};
		71D135E31D78EF430087F396 /* New Group */ = {
			isa = PBXGroup;
			children = (
			);
			name = "New Group";
			sourceTree = "<group>";
		};
		71D135E41D78EF500087F396 /* Services */ = {
			isa = PBXGroup;
			children = (
				71D135EB1D78EFFD0087F396 /* MissionControl.swift */,
				71D135E51D78EF670087F396 /* EarthService.swift */,
				71D135E71D78EF840087F396 /* IssService.swift */,
				71D135E91D78EFE90087F396 /* HQService.swift */,
			);
			name = Services;
			sourceTree = "<group>";
		};
		71D135F11D78F0410087F396 /* Location */ = {
			isa = PBXGroup;
			children = (
				71D135F21D78F0520087F396 /* EarthLocation.swift */,
				71D135F41D78F05A0087F396 /* IssLocation.swift */,
				715D75B41D79A8FF00FC0BCF /* Coordinate.swift */,
			);
			name = Location;
			sourceTree = "<group>";
		};
/* End PBXGroup section */

/* Begin PBXNativeTarget section */
		7168F19E1D78480D0079FC1F /* Audition */ = {
			isa = PBXNativeTarget;
			buildConfigurationList = 7168F1B11D78480D0079FC1F /* Build configuration list for PBXNativeTarget "Audition" */;
			buildPhases = (
				7C8C57FA67A42E1152A2D631 /* Check Pods Manifest.lock */,
				7168F19B1D78480D0079FC1F /* Sources */,
				7168F19C1D78480D0079FC1F /* Frameworks */,
				7168F19D1D78480D0079FC1F /* Resources */,
				3CFD1A4B1A59735CE11017D8 /* Embed Pods Frameworks */,
				FB1C98DDEC81C6750565AA37 /* Copy Pods Resources */,
			);
			buildRules = (
			);
			dependencies = (
			);
			name = Audition;
			productName = Audition;
			productReference = 7168F19F1D78480D0079FC1F /* Audition.app */;
			productType = "com.apple.product-type.application";
		};
/* End PBXNativeTarget section */

/* Begin PBXProject section */
		7168F1971D78480D0079FC1F /* Project object */ = {
			isa = PBXProject;
			attributes = {
				LastSwiftUpdateCheck = 0730;
				LastUpgradeCheck = 0800;
				ORGANIZATIONNAME = "Dru Lang";
				TargetAttributes = {
					7168F19E1D78480D0079FC1F = {
						CreatedOnToolsVersion = 7.3.1;
						LastSwiftMigration = 0800;
					};
				};
			};
			buildConfigurationList = 7168F19A1D78480D0079FC1F /* Build configuration list for PBXProject "Audition" */;
			compatibilityVersion = "Xcode 3.2";
			developmentRegion = English;
			hasScannedForEncodings = 0;
			knownRegions = (
				en,
				Base,
			);
			mainGroup = 7168F1961D78480D0079FC1F;
			productRefGroup = 7168F1A01D78480D0079FC1F /* Products */;
			projectDirPath = "";
			projectRoot = "";
			targets = (
				7168F19E1D78480D0079FC1F /* Audition */,
			);
		};
/* End PBXProject section */

/* Begin PBXResourcesBuildPhase section */
		7168F19D1D78480D0079FC1F /* Resources */ = {
			isa = PBXResourcesBuildPhase;
			buildActionMask = 2147483647;
			files = (
				7168F1AD1D78480D0079FC1F /* LaunchScreen.storyboard in Resources */,
				7168F1AA1D78480D0079FC1F /* Assets.xcassets in Resources */,
			);
			runOnlyForDeploymentPostprocessing = 0;
		};
/* End PBXResourcesBuildPhase section */

/* Begin PBXShellScriptBuildPhase section */
		3CFD1A4B1A59735CE11017D8 /* Embed Pods Frameworks */ = {
			isa = PBXShellScriptBuildPhase;
			buildActionMask = 2147483647;
			files = (
			);
			inputPaths = (
			);
			name = "Embed Pods Frameworks";
			outputPaths = (
			);
			runOnlyForDeploymentPostprocessing = 0;
			shellPath = /bin/sh;
			shellScript = "\"${SRCROOT}/Pods/Target Support Files/Pods-Audition/Pods-Audition-frameworks.sh\"\n";
			showEnvVarsInLog = 0;
		};
		7C8C57FA67A42E1152A2D631 /* Check Pods Manifest.lock */ = {
			isa = PBXShellScriptBuildPhase;
			buildActionMask = 2147483647;
			files = (
			);
			inputPaths = (
			);
			name = "Check Pods Manifest.lock";
			outputPaths = (
			);
			runOnlyForDeploymentPostprocessing = 0;
			shellPath = /bin/sh;
			shellScript = "diff \"${PODS_ROOT}/../Podfile.lock\" \"${PODS_ROOT}/Manifest.lock\" > /dev/null\nif [[ $? != 0 ]] ; then\n    cat << EOM\nerror: The sandbox is not in sync with the Podfile.lock. Run 'pod install' or update your CocoaPods installation.\nEOM\n    exit 1\nfi\n";
			showEnvVarsInLog = 0;
		};
		FB1C98DDEC81C6750565AA37 /* Copy Pods Resources */ = {
			isa = PBXShellScriptBuildPhase;
			buildActionMask = 2147483647;
			files = (
			);
			inputPaths = (
			);
			name = "Copy Pods Resources";
			outputPaths = (
			);
			runOnlyForDeploymentPostprocessing = 0;
			shellPath = /bin/sh;
			shellScript = "\"${SRCROOT}/Pods/Target Support Files/Pods-Audition/Pods-Audition-resources.sh\"\n";
			showEnvVarsInLog = 0;
		};
/* End PBXShellScriptBuildPhase section */

/* Begin PBXSourcesBuildPhase section */
		7168F19B1D78480D0079FC1F /* Sources */ = {
			isa = PBXSourcesBuildPhase;
			buildActionMask = 2147483647;
			files = (
				71D135F51D78F05A0087F396 /* IssLocation.swift in Sources */,
				715D75B81D79AA3700FC0BCF /* Constants.swift in Sources */,
				71D135E61D78EF670087F396 /* EarthService.swift in Sources */,
				7168F1A51D78480D0079FC1F /* UserLocationsViewController.swift in Sources */,
				7168F1A31D78480D0079FC1F /* AppDelegate.swift in Sources */,
				71D135EA1D78EFE90087F396 /* HQService.swift in Sources */,
				715D75B51D79A8FF00FC0BCF /* Coordinate.swift in Sources */,
				71D135EC1D78EFFD0087F396 /* MissionControl.swift in Sources */,
				71D135E81D78EF840087F396 /* IssService.swift in Sources */,
				71D135EE1D78F02B0087F396 /* User.swift in Sources */,
				715D75B31D7919B600FC0BCF /* NewLocationViewController.swift in Sources */,
				715D75BA1D79CEF400FC0BCF /* LocationDetailTableViewCell.swift in Sources */,
				71D135F31D78F0520087F396 /* EarthLocation.swift in Sources */,
				715D75BD1D79E3BD00FC0BCF /* UIImage.swift in Sources */,
			);
			runOnlyForDeploymentPostprocessing = 0;
		};
/* End PBXSourcesBuildPhase section */

/* Begin PBXVariantGroup section */
		7168F1AB1D78480D0079FC1F /* LaunchScreen.storyboard */ = {
			isa = PBXVariantGroup;
			children = (
				7168F1AC1D78480D0079FC1F /* Base */,
			);
			name = LaunchScreen.storyboard;
			sourceTree = "<group>";
		};
/* End PBXVariantGroup section */

/* Begin XCBuildConfiguration section */
		7168F1AF1D78480D0079FC1F /* Debug */ = {
			isa = XCBuildConfiguration;
			buildSettings = {
				ALWAYS_SEARCH_USER_PATHS = NO;
				CLANG_ANALYZER_NONNULL = YES;
				CLANG_CXX_LANGUAGE_STANDARD = "gnu++0x";
				CLANG_CXX_LIBRARY = "libc++";
				CLANG_ENABLE_MODULES = YES;
				CLANG_ENABLE_OBJC_ARC = YES;
				CLANG_WARN_BOOL_CONVERSION = YES;
				CLANG_WARN_CONSTANT_CONVERSION = YES;
				CLANG_WARN_DIRECT_OBJC_ISA_USAGE = YES_ERROR;
				CLANG_WARN_EMPTY_BODY = YES;
				CLANG_WARN_ENUM_CONVERSION = YES;
				CLANG_WARN_INFINITE_RECURSION = YES;
				CLANG_WARN_INT_CONVERSION = YES;
				CLANG_WARN_OBJC_ROOT_CLASS = YES_ERROR;
				CLANG_WARN_SUSPICIOUS_MOVE = YES;
				CLANG_WARN_UNREACHABLE_CODE = YES;
				CLANG_WARN__DUPLICATE_METHOD_MATCH = YES;
				"CODE_SIGN_IDENTITY[sdk=iphoneos*]" = "iPhone Developer";
				COPY_PHASE_STRIP = NO;
				DEBUG_INFORMATION_FORMAT = dwarf;
				ENABLE_STRICT_OBJC_MSGSEND = YES;
				ENABLE_TESTABILITY = YES;
				GCC_C_LANGUAGE_STANDARD = gnu99;
				GCC_DYNAMIC_NO_PIC = NO;
				GCC_NO_COMMON_BLOCKS = YES;
				GCC_OPTIMIZATION_LEVEL = 0;
				GCC_PREPROCESSOR_DEFINITIONS = (
					"DEBUG=1",
					"$(inherited)",
				);
				GCC_WARN_64_TO_32_BIT_CONVERSION = YES;
				GCC_WARN_ABOUT_RETURN_TYPE = YES_ERROR;
				GCC_WARN_UNDECLARED_SELECTOR = YES;
				GCC_WARN_UNINITIALIZED_AUTOS = YES_AGGRESSIVE;
				GCC_WARN_UNUSED_FUNCTION = YES;
				GCC_WARN_UNUSED_VARIABLE = YES;
				IPHONEOS_DEPLOYMENT_TARGET = 9.3;
				MTL_ENABLE_DEBUG_INFO = YES;
				ONLY_ACTIVE_ARCH = YES;
				SDKROOT = iphoneos;
				SWIFT_OPTIMIZATION_LEVEL = "-Onone";
			};
			name = Debug;
		};
		7168F1B01D78480D0079FC1F /* Release */ = {
			isa = XCBuildConfiguration;
			buildSettings = {
				ALWAYS_SEARCH_USER_PATHS = NO;
				CLANG_ANALYZER_NONNULL = YES;
				CLANG_CXX_LANGUAGE_STANDARD = "gnu++0x";
				CLANG_CXX_LIBRARY = "libc++";
				CLANG_ENABLE_MODULES = YES;
				CLANG_ENABLE_OBJC_ARC = YES;
				CLANG_WARN_BOOL_CONVERSION = YES;
				CLANG_WARN_CONSTANT_CONVERSION = YES;
				CLANG_WARN_DIRECT_OBJC_ISA_USAGE = YES_ERROR;
				CLANG_WARN_EMPTY_BODY = YES;
				CLANG_WARN_ENUM_CONVERSION = YES;
				CLANG_WARN_INFINITE_RECURSION = YES;
				CLANG_WARN_INT_CONVERSION = YES;
				CLANG_WARN_OBJC_ROOT_CLASS = YES_ERROR;
				CLANG_WARN_SUSPICIOUS_MOVE = YES;
				CLANG_WARN_UNREACHABLE_CODE = YES;
				CLANG_WARN__DUPLICATE_METHOD_MATCH = YES;
				"CODE_SIGN_IDENTITY[sdk=iphoneos*]" = "iPhone Developer";
				COPY_PHASE_STRIP = NO;
				DEBUG_INFORMATION_FORMAT = "dwarf-with-dsym";
				ENABLE_NS_ASSERTIONS = NO;
				ENABLE_STRICT_OBJC_MSGSEND = YES;
				GCC_C_LANGUAGE_STANDARD = gnu99;
				GCC_NO_COMMON_BLOCKS = YES;
				GCC_WARN_64_TO_32_BIT_CONVERSION = YES;
				GCC_WARN_ABOUT_RETURN_TYPE = YES_ERROR;
				GCC_WARN_UNDECLARED_SELECTOR = YES;
				GCC_WARN_UNINITIALIZED_AUTOS = YES_AGGRESSIVE;
				GCC_WARN_UNUSED_FUNCTION = YES;
				GCC_WARN_UNUSED_VARIABLE = YES;
				IPHONEOS_DEPLOYMENT_TARGET = 9.3;
				MTL_ENABLE_DEBUG_INFO = NO;
				SDKROOT = iphoneos;
				SWIFT_OPTIMIZATION_LEVEL = "-Owholemodule";
				VALIDATE_PRODUCT = YES;
			};
			name = Release;
		};
		7168F1B21D78480D0079FC1F /* Debug */ = {
			isa = XCBuildConfiguration;
			baseConfigurationReference = FB5D140DD43707C977BBA52C /* Pods-Audition.debug.xcconfig */;
			buildSettings = {
				ALWAYS_EMBED_SWIFT_STANDARD_LIBRARIES = YES;
				ASSETCATALOG_COMPILER_APPICON_NAME = AppIcon;
				INFOPLIST_FILE = Audition/Info.plist;
				LD_RUNPATH_SEARCH_PATHS = "$(inherited) @executable_path/Frameworks";
				PRODUCT_BUNDLE_IDENTIFIER = com.drulang.Audition;
				PRODUCT_NAME = "$(TARGET_NAME)";
				SWIFT_VERSION = 3.0;
			};
			name = Debug;
		};
		7168F1B31D78480D0079FC1F /* Release */ = {
			isa = XCBuildConfiguration;
			baseConfigurationReference = E0F824ACB44A98CB476C61E3 /* Pods-Audition.release.xcconfig */;
			buildSettings = {
				ALWAYS_EMBED_SWIFT_STANDARD_LIBRARIES = YES;
				ASSETCATALOG_COMPILER_APPICON_NAME = AppIcon;
				INFOPLIST_FILE = Audition/Info.plist;
				LD_RUNPATH_SEARCH_PATHS = "$(inherited) @executable_path/Frameworks";
				PRODUCT_BUNDLE_IDENTIFIER = com.drulang.Audition;
				PRODUCT_NAME = "$(TARGET_NAME)";
				SWIFT_VERSION = 3.0;
			};
			name = Release;
		};
/* End XCBuildConfiguration section */

/* Begin XCConfigurationList section */
		7168F19A1D78480D0079FC1F /* Build configuration list for PBXProject "Audition" */ = {
			isa = XCConfigurationList;
			buildConfigurations = (
				7168F1AF1D78480D0079FC1F /* Debug */,
				7168F1B01D78480D0079FC1F /* Release */,
			);
			defaultConfigurationIsVisible = 0;
			defaultConfigurationName = Release;
		};
		7168F1B11D78480D0079FC1F /* Build configuration list for PBXNativeTarget "Audition" */ = {
			isa = XCConfigurationList;
			buildConfigurations = (
				7168F1B21D78480D0079FC1F /* Debug */,
				7168F1B31D78480D0079FC1F /* Release */,
			);
			defaultConfigurationIsVisible = 0;
			defaultConfigurationName = Release;
		};
/* End XCConfigurationList section */
	};
	rootObject = 7168F1971D78480D0079FC1F /* Project object */;
}
